# This file is generated by running "yarn install" inside your project.
# Manual changes might be lost - proceed with caution!

__metadata:
  version: 6
  cacheKey: 8

"@types/debug@npm:^4.1.7":
  version: 4.1.7
  resolution: "@types/debug@npm:4.1.7"
  dependencies:
    "@types/ms": "*"
  checksum: 0a7b89d8ed72526858f0b61c6fd81f477853e8c4415bb97f48b1b5545248d2ae389931680b94b393b993a7cfe893537a200647d93defe6d87159b96812305adc
  languageName: node
  linkType: hard

"@types/ms@npm:*":
  version: 0.7.31
  resolution: "@types/ms@npm:0.7.31"
  checksum: daadd354aedde024cce6f5aa873fefe7b71b22cd0e28632a69e8b677aeb48ae8caa1c60e5919bb781df040d116b01cb4316335167a3fc0ef6a63fa3614c0f6da
  languageName: node
  linkType: hard

"@types/node@npm:^18.7.23":
  version: 18.7.23
  resolution: "@types/node@npm:18.7.23"
  checksum: 2c8df0830d8345e5cd1ca17feb9cf43fa667aae749888e0a068c5c1b35eaedd2f9b24ed987a0758078395edf7a03681e5e0b7790a518ff7afe1ff6d8459f7b4a
  languageName: node
  linkType: hard

"debug@npm:^4.3.4":
  version: 4.3.4
  resolution: "debug@npm:4.3.4"
  dependencies:
    ms: 2.1.2
  peerDependenciesMeta:
    supports-color:
      optional: true
  checksum: 3dbad3f94ea64f34431a9cbf0bafb61853eda57bff2880036153438f50fb5a84f27683ba0d8e5426bf41a8c6ff03879488120cf5b3a761e77953169c0600a708
  languageName: node
  linkType: hard

"greenlight-client-poc@workspace:client-poc":
  version: 0.0.0-use.local
  resolution: "greenlight-client-poc@workspace:client-poc"
  dependencies:
    "@types/node": ^18.7.23
    greenlight-xcloud: ^0.1.0
    typescript: ^4.8.4
  languageName: unknown
  linkType: soft

"greenlight-rtp@workspace:packages/rtp":
  version: 0.0.0-use.local
  resolution: "greenlight-rtp@workspace:packages/rtp"
  dependencies:
    "@types/node": ^18.7.23
    typescript: ^4.8.4
  languageName: unknown
  linkType: soft

"greenlight-teredo@workspace:packages/teredo":
  version: 0.0.0-use.local
  resolution: "greenlight-teredo@workspace:packages/teredo"
  languageName: unknown
  linkType: soft

"greenlight-xcloud@^0.1.0, greenlight-xcloud@workspace:packages/xcloud":
  version: 0.0.0-use.local
  resolution: "greenlight-xcloud@workspace:packages/xcloud"
  dependencies:
    "@types/debug": ^4.1.7
    "@types/node": ^18.7.23
    debug: ^4.3.4
    typescript: ^4.8.4
  languageName: unknown
  linkType: soft

"ms@npm:2.1.2":
  version: 2.1.2
  resolution: "ms@npm:2.1.2"
  checksum: 673cdb2c3133eb050c745908d8ce632ed2c02d85640e2edb3ace856a2266a813b30c613569bf3354fdf4ea7d1a1494add3bfa95e2713baa27d0c2c71fc44f58f
  languageName: node
  linkType: hard

"root-workspace-0b6124@workspace:.":
  version: 0.0.0-use.local
  resolution: "root-workspace-0b6124@workspace:."
  languageName: unknown
  linkType: soft

"typescript@npm:^4.8.4":
  version: 4.8.4
  resolution: "typescript@npm:4.8.4"
  bin:
    tsc: bin/tsc
    tsserver: bin/tsserver
  checksum: 3e4f061658e0c8f36c820802fa809e0fd812b85687a9a2f5430bc3d0368e37d1c9605c3ce9b39df9a05af2ece67b1d844f9f6ea8ff42819f13bcb80f85629af0
  languageName: node
  linkType: hard

"typescript@patch:typescript@^4.8.4#~builtin<compat/typescript>":
  version: 4.8.4
  resolution: "typescript@patch:typescript@npm%3A4.8.4#~builtin<compat/typescript>::version=4.8.4&hash=a1c5e5"
  bin:
    tsc: bin/tsc
    tsserver: bin/tsserver
  checksum: 563a0ef47abae6df27a9a3ab38f75fc681f633ccf1a3502b1108e252e187787893de689220f4544aaf95a371a4eb3141e4a337deb9895de5ac3c1ca76430e5f0
  languageName: node
  linkType: hard
